{
  "version": 4,
  "terraform_version": "1.9.4",
  "serial": 113,
  "lineage": "13b3a3fc-5379-e581-d457-c0e7053f0c3b",
  "outputs": {},
  "resources": [
    {
      "mode": "managed",
      "type": "grafana_contact_point",
      "name": "slack",
      "provider": "provider[\"registry.terraform.io/grafana/grafana\"]",
      "instances": [
        {
          "schema_version": 0,
          "attributes": {
            "alertmanager": [],
            "dingding": [],
            "disable_provenance": false,
            "discord": [],
            "email": [],
            "googlechat": [],
            "id": "1:slack",
            "kafka": [],
            "line": [],
            "name": "slack",
            "oncall": [],
            "opsgenie": [],
            "org_id": "1",
            "pagerduty": [],
            "pushover": [],
            "sensugo": [],
            "slack": [
              {
                "disable_resolve_message": false,
                "endpoint_url": "",
                "icon_emoji": "",
                "icon_url": "",
                "mention_channel": "",
                "mention_groups": "",
                "mention_users": "",
                "recipient": "",
                "settings": {},
                "text": "",
                "title": "",
                "token": "",
                "uid": "fegtwm8n1ts00e",
                "url": "https://hooks.slack.com/services/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",
                "username": ""
              }
            ],
            "sns": [],
            "teams": [],
            "telegram": [],
            "threema": [],
            "victorops": [],
            "webex": [],
            "webhook": [],
            "wecom": []
          },
          "sensitive_attributes": [
            [
              {
                "type": "get_attr",
                "value": "slack"
              }
            ]
          ],
          "private": "bnVsbA=="
        }
      ]
    },
    {
      "mode": "managed",
      "type": "grafana_dashboard",
      "name": "apache_logs",
      "provider": "provider[\"registry.terraform.io/grafana/grafana\"]",
      "instances": [
        {
          "schema_version": 1,
          "attributes": {
            "config_json": "{\"panels\":[{\"datasource\":\"loki\",\"fieldConfig\":{\"defaults\":{\"custom\":{},\"mappings\":[]},\"overrides\":[]},\"options\":{\"showTime\":true},\"targets\":[{\"expr\":\"{job=\\\"apache\\\"}\",\"refId\":\"A\"}],\"title\":\"Apache Logs\",\"type\":\"logs\"}],\"tags\":[\"apache\",\"logs\"],\"timezone\":\"browser\",\"title\":\"Apache Logs\",\"uid\":\"apache-logs-dashboard\"}",
            "dashboard_id": 3,
            "folder": "cegtwm87kyewwa",
            "id": "1:apache-logs-dashboard",
            "message": null,
            "org_id": "1",
            "overwrite": null,
            "uid": "apache-logs-dashboard",
            "url": "http://62.84.127.199:3000/d/apache-logs-dashboard/apache-logs",
            "version": 1
          },
          "sensitive_attributes": [],
          "private": "eyJzY2hlbWFfdmVyc2lvbiI6IjEifQ==",
          "dependencies": [
            "grafana_data_source.loki",
            "grafana_folder.logs"
          ]
        }
      ]
    },
    {
      "mode": "managed",
      "type": "grafana_dashboard",
      "name": "nginx_logs",
      "provider": "provider[\"registry.terraform.io/grafana/grafana\"]",
      "instances": [
        {
          "schema_version": 1,
          "attributes": {
            "config_json": "{\"panels\":[{\"datasource\":\"loki\",\"fieldConfig\":{\"defaults\":{\"custom\":{},\"mappings\":[]},\"overrides\":[]},\"options\":{\"showTime\":true},\"targets\":[{\"expr\":\"{job=\\\"nginx\\\"}\",\"refId\":\"A\"}],\"title\":\"Nginx Logs\",\"type\":\"logs\"}],\"tags\":[\"nginx\",\"logs\"],\"timezone\":\"browser\",\"title\":\"Nginx Logs\",\"uid\":\"nginx-logs-dashboard\"}",
            "dashboard_id": 4,
            "folder": "cegtwm87kyewwa",
            "id": "1:nginx-logs-dashboard",
            "message": null,
            "org_id": "1",
            "overwrite": null,
            "uid": "nginx-logs-dashboard",
            "url": "http://62.84.127.199:3000/d/nginx-logs-dashboard/nginx-logs",
            "version": 1
          },
          "sensitive_attributes": [],
          "private": "eyJzY2hlbWFfdmVyc2lvbiI6IjEifQ==",
          "dependencies": [
            "grafana_data_source.loki",
            "grafana_folder.logs"
          ]
        }
      ]
    },
    {
      "mode": "managed",
      "type": "grafana_data_source",
      "name": "loki",
      "provider": "provider[\"registry.terraform.io/grafana/grafana\"]",
      "instances": [
        {
          "schema_version": 1,
          "attributes": {
            "access_mode": "proxy",
            "basic_auth_enabled": false,
            "basic_auth_username": "",
            "database_name": "",
            "http_headers": null,
            "id": "1:aegtwm8gvkt8gb",
            "is_default": false,
            "json_data_encoded": "{}",
            "name": "loki",
            "org_id": "1",
            "secure_json_data_encoded": null,
            "type": "loki",
            "uid": "aegtwm8gvkt8gb",
            "url": "http://62.84.127.199:3100",
            "username": ""
          },
          "sensitive_attributes": [
            [
              {
                "type": "get_attr",
                "value": "secure_json_data_encoded"
              }
            ],
            [
              {
                "type": "get_attr",
                "value": "http_headers"
              }
            ]
          ],
          "private": "eyJzY2hlbWFfdmVyc2lvbiI6IjEifQ=="
        }
      ]
    },
    {
      "mode": "managed",
      "type": "grafana_data_source",
      "name": "prometheus",
      "provider": "provider[\"registry.terraform.io/grafana/grafana\"]",
      "instances": [
        {
          "schema_version": 1,
          "attributes": {
            "access_mode": "proxy",
            "basic_auth_enabled": false,
            "basic_auth_username": "",
            "database_name": "",
            "http_headers": null,
            "id": "1:aegtwm87igikgf",
            "is_default": true,
            "json_data_encoded": "{}",
            "name": "prometheus",
            "org_id": "1",
            "secure_json_data_encoded": null,
            "type": "prometheus",
            "uid": "aegtwm87igikgf",
            "url": "http://62.84.127.199:9090",
            "username": ""
          },
          "sensitive_attributes": [
            [
              {
                "type": "get_attr",
                "value": "secure_json_data_encoded"
              }
            ],
            [
              {
                "type": "get_attr",
                "value": "http_headers"
              }
            ]
          ],
          "private": "eyJzY2hlbWFfdmVyc2lvbiI6IjEifQ=="
        }
      ]
    },
    {
      "mode": "managed",
      "type": "grafana_folder",
      "name": "logs",
      "provider": "provider[\"registry.terraform.io/grafana/grafana\"]",
      "instances": [
        {
          "schema_version": 0,
          "attributes": {
            "id": "1:cegtwm87kyewwa",
            "org_id": "1",
            "parent_folder_uid": "",
            "prevent_destroy_if_not_empty": false,
            "title": "Logs",
            "uid": "cegtwm87kyewwa",
            "url": "http://62.84.127.199:3000/dashboards/f/cegtwm87kyewwa/logs"
          },
          "sensitive_attributes": [],
          "private": "bnVsbA=="
        }
      ]
    },
    {
      "mode": "managed",
      "type": "grafana_folder",
      "name": "rules",
      "provider": "provider[\"registry.terraform.io/grafana/grafana\"]",
      "instances": [
        {
          "schema_version": 0,
          "attributes": {
            "id": "1:begtwm8gy2pkwe",
            "org_id": "1",
            "parent_folder_uid": "",
            "prevent_destroy_if_not_empty": false,
            "title": "Rules",
            "uid": "begtwm8gy2pkwe",
            "url": "http://62.84.127.199:3000/dashboards/f/begtwm8gy2pkwe/rules"
          },
          "sensitive_attributes": [],
          "private": "bnVsbA=="
        }
      ]
    },
    {
      "mode": "managed",
      "type": "grafana_notification_policy",
      "name": "slack",
      "provider": "provider[\"registry.terraform.io/grafana/grafana\"]",
      "instances": [
        {
          "schema_version": 0,
          "attributes": {
            "contact_point": "slack",
            "disable_provenance": false,
            "group_by": [
              "alertname"
            ],
            "group_interval": "",
            "group_wait": "",
            "id": "1:policy",
            "org_id": "1",
            "policy": [],
            "repeat_interval": ""
          },
          "sensitive_attributes": [],
          "private": "bnVsbA==",
          "dependencies": [
            "grafana_contact_point.slack"
          ]
        }
      ]
    },
    {
      "mode": "managed",
      "type": "grafana_rule_group",
      "name": "prometheus_alerts",
      "provider": "provider[\"registry.terraform.io/grafana/grafana\"]",
      "instances": [
        {
          "schema_version": 0,
          "attributes": {
            "disable_provenance": false,
            "folder_uid": "begtwm8gy2pkwe",
            "id": "1:begtwm8gy2pkwe:Prometheus Alert Rules",
            "interval_seconds": 30,
            "name": "Prometheus Alert Rules",
            "org_id": "1",
            "rule": [
              {
                "annotations": {
                  "description": "VALUE = {{ $value }}\nLABELS = {{ $labels }}",
                  "summary": "High CPU usage on {{ $labels.instance }}"
                },
                "condition": "A",
                "data": [
                  {
                    "datasource_uid": "aegtwm87igikgf",
                    "model": "{\"datasource\":{\"type\":\"prometheus\",\"uid\":\"cegt7wv2xidxce\"},\"editorMode\":\"code\",\"expr\":\"100 * (1 - avg by(instance) (irate(node_cpu_seconds_total{mode=\\\"idle\\\"}[1m]))) \\u003e 0.001\",\"hide\":false,\"instant\":true,\"legendFormat\":\"__auto\",\"range\":false,\"refId\":\"A\"}",
                    "query_type": "",
                    "ref_id": "A",
                    "relative_time_range": [
                      {
                        "from": 600,
                        "to": 0
                      }
                    ]
                  }
                ],
                "exec_err_state": "Alerting",
                "for": "5s",
                "is_paused": false,
                "labels": {
                  "severity": "warning"
                },
                "name": "HostHighCpuLoad",
                "no_data_state": "NoData",
                "notification_settings": [],
                "uid": "begtwma55mlmof"
              },
              {
                "annotations": {
                  "description": "Node memory is filling up\nVALUE = {{ $value }}\nLABELS = {{ $labels }}",
                  "summary": "Host out of memory (instance {{ $labels.instance }})"
                },
                "condition": "B",
                "data": [
                  {
                    "datasource_uid": "aegtwm87igikgf",
                    "model": "{\"datasource\":{\"type\":\"prometheus\",\"uid\":\"cegt7wv2xidxce\"},\"editorMode\":\"code\",\"expr\":\"100 * (1 - ((avg_over_time(node_memory_MemFree_bytes[1m]) + avg_over_time(node_memory_Cached_bytes[1m]) + avg_over_time(node_memory_Buffers_bytes[1m])) / avg_over_time(node_memory_MemTotal_bytes{job=\\\"vm\\\"}[1m]))) \\u003e 10\",\"hide\":false,\"instant\":true,\"legendFormat\":\"__auto\",\"range\":false,\"refId\":\"A\"}",
                    "query_type": "",
                    "ref_id": "B",
                    "relative_time_range": [
                      {
                        "from": 600,
                        "to": 0
                      }
                    ]
                  }
                ],
                "exec_err_state": "Alerting",
                "for": "5s",
                "is_paused": false,
                "labels": {
                  "severity": "warning"
                },
                "name": "HostOutOfMemory",
                "no_data_state": "NoData",
                "notification_settings": [],
                "uid": "begtwma55mlmpa"
              },
              {
                "annotations": {
                  "description": "The `up` metric is always 1, meaning the service is up.",
                  "summary": "This alert always fires!"
                },
                "condition": "C",
                "data": [
                  {
                    "datasource_uid": "aegtwm87igikgf",
                    "model": "{\"datasource\":{\"type\":\"prometheus\",\"uid\":\"cegt7wv2xidxce\"},\"hide\":false,\"instant\":true,\"refId\":\"A\"}",
                    "query_type": "",
                    "ref_id": "C",
                    "relative_time_range": [
                      {
                        "from": 600,
                        "to": 0
                      }
                    ]
                  }
                ],
                "exec_err_state": "Alerting",
                "for": "20s",
                "is_paused": false,
                "labels": {
                  "severity": "critical"
                },
                "name": "AlwaysFiringAlert",
                "no_data_state": "NoData",
                "notification_settings": [],
                "uid": "cegtwma584hz4e"
              }
            ]
          },
          "sensitive_attributes": [],
          "private": "bnVsbA==",
          "dependencies": [
            "grafana_data_source.prometheus",
            "grafana_folder.rules"
          ]
        }
      ]
    }
  ],
  "check_results": null
}
